
Microsoft Visual Studio Solution File, Format Version 12.00
# Visual Studio Version 16
VisualStudioVersion = 16.0.31702.278
MinimumVisualStudioVersion = 10.0.40219.1
Project("{FAE04EC0-301F-11D3-BF4B-00C04F79EFBC}") = "XamarinAppIconsBuilder", "XamarinAppIconsBuilder\XamarinAppIconsBuilder.csproj", "{1646843B-052C-4DA7-AA10-B3CBBB787955}"
EndProject
Global
	GlobalSection(SolutionConfigurationPlatforms) = preSolution
		Debug|Any CPU = Debug|Any CPU
		Release|Any CPU = Release|Any CPU
	EndGlobalSection
	GlobalSection(ProjectConfigurationPlatforms) = postSolution
		{1646843B-052C-4DA7-AA10-B3CBBB787955}.Debug|Any CPU.ActiveCfg = Debug|Any CPU
		{1646843B-052C-4DA7-AA10-B3CBBB787955}.Debug|Any CPU.Build.0 = Debug|Any CPU
		{1646843B-052C-4DA7-AA10-B3CBBB787955}.Release|Any CPU.ActiveCfg = Release|Any CPU
		{1646843B-052C-4DA7-AA10-B3CBBB787955}.Release|Any CPU.Build.0 = Release|Any CPU
	EndGlobalSection
	GlobalSection(SolutionProperties) = preSolution
		HideSolutionNode = FALSE
	EndGlobalSection
	GlobalSection(ExtensibilityGlobals) = postSolution
		SolutionGuid = {62997E52-7C2D-4B8D-9202-F789B3E41047}
	EndGlobalSection
EndGlobal
